
Microsoft Visual Studio Solution File, Format Version 12.00
# Visual Studio 15
VisualStudioVersion = 15.0.28307.1684
MinimumVisualStudioVersion = 10.0.40219.1
Project("{FAE04EC0-301F-11D3-BF4B-00C04F79EFBC}") = "WebApplication1", "WebApplication1\WebApplication1.csproj", "{E16B926D-94D5-4922-8BA0-A8B2CEF63632}"
EndProject
Global
	GlobalSection(SolutionConfigurationPlatforms) = preSolution
		Debug|Any CPU = Debug|Any CPU
		Release|Any CPU = Release|Any CPU
	EndGlobalSection
	GlobalSection(ProjectConfigurationPlatforms) = postSolution
		{E16B926D-94D5-4922-8BA0-A8B2CEF63632}.Debug|Any CPU.ActiveCfg = Debug|Any CPU
		{E16B926D-94D5-4922-8BA0-A8B2CEF63632}.Debug|Any CPU.Build.0 = Debug|Any CPU
		{E16B926D-94D5-4922-8BA0-A8B2CEF63632}.Release|Any CPU.ActiveCfg = Release|Any CPU
		{E16B926D-94D5-4922-8BA0-A8B2CEF63632}.Release|Any CPU.Build.0 = Release|Any CPU
	EndGlobalSection
	GlobalSection(SolutionProperties) = preSolution
		HideSolutionNode = FALSE
	EndGlobalSection
	GlobalSection(ExtensibilityGlobals) = postSolution
		SolutionGuid = {21BF9C42-C3F7-4714-A913-324503AB01F8}
	EndGlobalSection
EndGlobal
